
Microsoft Visual Studio Solution File, Format Version 12.00
# Visual Studio Version 17
VisualStudioVersion = 17.0.31903.59
MinimumVisualStudioVersion = 10.0.40219.1
Project("{2150E333-8FDC-42A3-9474-1A3956D46DE8}") = "src", "src", "{5B947B62-C2FB-4608-A6FC-C7F7E7A6B74E}"
EndProject
Project("{FAE04EC0-301F-11D3-BF4B-00C04F79EFBC}") = "Starbucks.Api", "src\Starbucks.Api\Starbucks.Api.csproj", "{EBB9C6DA-9A19-4344-8832-2B53C68E4CA3}"
EndProject
Project("{FAE04EC0-301F-11D3-BF4B-00C04F79EFBC}") = "Starbucks.Application", "src\Starbucks.Application\Starbucks.Application.csproj", "{1E70B335-6778-4FAD-9A06-6553BDDE987E}"
EndProject
Project("{FAE04EC0-301F-11D3-BF4B-00C04F79EFBC}") = "Starbucks.Domain", "src\Starbucks.Domain\Starbucks.Domain.csproj", "{9100FCA0-234B-4021-B549-EC84F85E0727}"
EndProject
Project("{FAE04EC0-301F-11D3-BF4B-00C04F79EFBC}") = "Starbucks.Persistence", "src\Starbucks.Persistence\Starbucks.Persistence.csproj", "{C59D1B7E-48A5-4C25-9AD4-8D63D3AAD1D6}"
EndProject
Project("{2150E333-8FDC-42A3-9474-1A3956D46DE8}") = "core", "core", "{9BEE198A-1D67-4330-A538-4048898FFD20}"
EndProject
Project("{FAE04EC0-301F-11D3-BF4B-00C04F79EFBC}") = "Core.mediatOR", "core\Core.mediatOR\Core.mediatOR.csproj", "{80A6AB7E-7D9A-42E1-BCA1-A9500E6858AA}"
EndProject
Global
	GlobalSection(SolutionConfigurationPlatforms) = preSolution
		Debug|Any CPU = Debug|Any CPU
		Release|Any CPU = Release|Any CPU
	EndGlobalSection
	GlobalSection(SolutionProperties) = preSolution
		HideSolutionNode = FALSE
	EndGlobalSection
	GlobalSection(ProjectConfigurationPlatforms) = postSolution
		{EBB9C6DA-9A19-4344-8832-2B53C68E4CA3}.Debug|Any CPU.ActiveCfg = Debug|Any CPU
		{EBB9C6DA-9A19-4344-8832-2B53C68E4CA3}.Debug|Any CPU.Build.0 = Debug|Any CPU
		{EBB9C6DA-9A19-4344-8832-2B53C68E4CA3}.Release|Any CPU.ActiveCfg = Release|Any CPU
		{EBB9C6DA-9A19-4344-8832-2B53C68E4CA3}.Release|Any CPU.Build.0 = Release|Any CPU
		{1E70B335-6778-4FAD-9A06-6553BDDE987E}.Debug|Any CPU.ActiveCfg = Debug|Any CPU
		{1E70B335-6778-4FAD-9A06-6553BDDE987E}.Debug|Any CPU.Build.0 = Debug|Any CPU
		{1E70B335-6778-4FAD-9A06-6553BDDE987E}.Release|Any CPU.ActiveCfg = Release|Any CPU
		{1E70B335-6778-4FAD-9A06-6553BDDE987E}.Release|Any CPU.Build.0 = Release|Any CPU
		{9100FCA0-234B-4021-B549-EC84F85E0727}.Debug|Any CPU.ActiveCfg = Debug|Any CPU
		{9100FCA0-234B-4021-B549-EC84F85E0727}.Debug|Any CPU.Build.0 = Debug|Any CPU
		{9100FCA0-234B-4021-B549-EC84F85E0727}.Release|Any CPU.ActiveCfg = Release|Any CPU
		{9100FCA0-234B-4021-B549-EC84F85E0727}.Release|Any CPU.Build.0 = Release|Any CPU
		{C59D1B7E-48A5-4C25-9AD4-8D63D3AAD1D6}.Debug|Any CPU.ActiveCfg = Debug|Any CPU
		{C59D1B7E-48A5-4C25-9AD4-8D63D3AAD1D6}.Debug|Any CPU.Build.0 = Debug|Any CPU
		{C59D1B7E-48A5-4C25-9AD4-8D63D3AAD1D6}.Release|Any CPU.ActiveCfg = Release|Any CPU
		{C59D1B7E-48A5-4C25-9AD4-8D63D3AAD1D6}.Release|Any CPU.Build.0 = Release|Any CPU
		{80A6AB7E-7D9A-42E1-BCA1-A9500E6858AA}.Debug|Any CPU.ActiveCfg = Debug|Any CPU
		{80A6AB7E-7D9A-42E1-BCA1-A9500E6858AA}.Debug|Any CPU.Build.0 = Debug|Any CPU
		{80A6AB7E-7D9A-42E1-BCA1-A9500E6858AA}.Release|Any CPU.ActiveCfg = Release|Any CPU
		{80A6AB7E-7D9A-42E1-BCA1-A9500E6858AA}.Release|Any CPU.Build.0 = Release|Any CPU
	EndGlobalSection
	GlobalSection(NestedProjects) = preSolution
		{EBB9C6DA-9A19-4344-8832-2B53C68E4CA3} = {5B947B62-C2FB-4608-A6FC-C7F7E7A6B74E}
		{1E70B335-6778-4FAD-9A06-6553BDDE987E} = {5B947B62-C2FB-4608-A6FC-C7F7E7A6B74E}
		{9100FCA0-234B-4021-B549-EC84F85E0727} = {5B947B62-C2FB-4608-A6FC-C7F7E7A6B74E}
		{C59D1B7E-48A5-4C25-9AD4-8D63D3AAD1D6} = {5B947B62-C2FB-4608-A6FC-C7F7E7A6B74E}
		{80A6AB7E-7D9A-42E1-BCA1-A9500E6858AA} = {9BEE198A-1D67-4330-A538-4048898FFD20}
	EndGlobalSection
EndGlobal
