
Microsoft Visual Studio Solution File, Format Version 12.00
# Visual Studio Version 17
VisualStudioVersion = 17.0.31903.59
MinimumVisualStudioVersion = 10.0.40219.1
Project("{2150E333-8FDC-42A3-9474-1A3956D46DE8}") = "src", "src", "{ADFE5787-F138-4304-A66F-C66235A3B465}"
EndProject
Project("{FAE04EC0-301F-11D3-BF4B-00C04F79EFBC}") = "Starbucks.Api", "src\Starbucks.Api\Starbucks.Api.csproj", "{99454073-0939-4264-8305-9FB490D734EE}"
EndProject
Project("{FAE04EC0-301F-11D3-BF4B-00C04F79EFBC}") = "Starbucks.Application", "src\Starbucks.Application\Starbucks.Application.csproj", "{3A77E304-FB1F-4049-8C1C-B6EB9F91A4F2}"
EndProject
Project("{FAE04EC0-301F-11D3-BF4B-00C04F79EFBC}") = "Starbucks.Domain", "src\Starbucks.Domain\Starbucks.Domain.csproj", "{EFC28509-FAA6-45F2-83A3-29F95F3C0BC6}"
EndProject
Project("{FAE04EC0-301F-11D3-BF4B-00C04F79EFBC}") = "Starbucks.Persistence", "src\Starbucks.Persistence\Starbucks.Persistence.csproj", "{B7B12846-7FDC-4975-88A0-33F88872EED5}"
EndProject
Project("{2150E333-8FDC-42A3-9474-1A3956D46DE8}") = "core", "core", "{B4184A13-51F7-466A-8D3C-2DBD66E04152}"
EndProject
Project("{FAE04EC0-301F-11D3-BF4B-00C04F79EFBC}") = "Core.Mappy", "core\Core.Mappy\Core.Mappy.csproj", "{CDA0B820-9FB2-477F-B05F-C44236D2968D}"
EndProject
Project("{FAE04EC0-301F-11D3-BF4B-00C04F79EFBC}") = "Core.MediatOR", "core\Core.MediatOR\Core.MediatOR.csproj", "{C9B1F50A-31BA-4588-B6CC-1F902E470C6E}"
EndProject
Global
	GlobalSection(SolutionConfigurationPlatforms) = preSolution
		Debug|Any CPU = Debug|Any CPU
		Release|Any CPU = Release|Any CPU
	EndGlobalSection
	GlobalSection(ProjectConfigurationPlatforms) = postSolution
		{99454073-0939-4264-8305-9FB490D734EE}.Debug|Any CPU.ActiveCfg = Debug|Any CPU
		{99454073-0939-4264-8305-9FB490D734EE}.Debug|Any CPU.Build.0 = Debug|Any CPU
		{99454073-0939-4264-8305-9FB490D734EE}.Release|Any CPU.ActiveCfg = Release|Any CPU
		{99454073-0939-4264-8305-9FB490D734EE}.Release|Any CPU.Build.0 = Release|Any CPU
		{3A77E304-FB1F-4049-8C1C-B6EB9F91A4F2}.Debug|Any CPU.ActiveCfg = Debug|Any CPU
		{3A77E304-FB1F-4049-8C1C-B6EB9F91A4F2}.Debug|Any CPU.Build.0 = Debug|Any CPU
		{3A77E304-FB1F-4049-8C1C-B6EB9F91A4F2}.Release|Any CPU.ActiveCfg = Release|Any CPU
		{3A77E304-FB1F-4049-8C1C-B6EB9F91A4F2}.Release|Any CPU.Build.0 = Release|Any CPU
		{EFC28509-FAA6-45F2-83A3-29F95F3C0BC6}.Debug|Any CPU.ActiveCfg = Debug|Any CPU
		{EFC28509-FAA6-45F2-83A3-29F95F3C0BC6}.Debug|Any CPU.Build.0 = Debug|Any CPU
		{EFC28509-FAA6-45F2-83A3-29F95F3C0BC6}.Release|Any CPU.ActiveCfg = Release|Any CPU
		{EFC28509-FAA6-45F2-83A3-29F95F3C0BC6}.Release|Any CPU.Build.0 = Release|Any CPU
		{B7B12846-7FDC-4975-88A0-33F88872EED5}.Debug|Any CPU.ActiveCfg = Debug|Any CPU
		{B7B12846-7FDC-4975-88A0-33F88872EED5}.Debug|Any CPU.Build.0 = Debug|Any CPU
		{B7B12846-7FDC-4975-88A0-33F88872EED5}.Release|Any CPU.ActiveCfg = Release|Any CPU
		{B7B12846-7FDC-4975-88A0-33F88872EED5}.Release|Any CPU.Build.0 = Release|Any CPU
		{CDA0B820-9FB2-477F-B05F-C44236D2968D}.Debug|Any CPU.ActiveCfg = Debug|Any CPU
		{CDA0B820-9FB2-477F-B05F-C44236D2968D}.Debug|Any CPU.Build.0 = Debug|Any CPU
		{CDA0B820-9FB2-477F-B05F-C44236D2968D}.Release|Any CPU.ActiveCfg = Release|Any CPU
		{CDA0B820-9FB2-477F-B05F-C44236D2968D}.Release|Any CPU.Build.0 = Release|Any CPU
		{C9B1F50A-31BA-4588-B6CC-1F902E470C6E}.Debug|Any CPU.ActiveCfg = Debug|Any CPU
		{C9B1F50A-31BA-4588-B6CC-1F902E470C6E}.Debug|Any CPU.Build.0 = Debug|Any CPU
		{C9B1F50A-31BA-4588-B6CC-1F902E470C6E}.Release|Any CPU.ActiveCfg = Release|Any CPU
		{C9B1F50A-31BA-4588-B6CC-1F902E470C6E}.Release|Any CPU.Build.0 = Release|Any CPU
	EndGlobalSection
	GlobalSection(SolutionProperties) = preSolution
		HideSolutionNode = FALSE
	EndGlobalSection
	GlobalSection(NestedProjects) = preSolution
		{99454073-0939-4264-8305-9FB490D734EE} = {ADFE5787-F138-4304-A66F-C66235A3B465}
		{3A77E304-FB1F-4049-8C1C-B6EB9F91A4F2} = {ADFE5787-F138-4304-A66F-C66235A3B465}
		{EFC28509-FAA6-45F2-83A3-29F95F3C0BC6} = {ADFE5787-F138-4304-A66F-C66235A3B465}
		{B7B12846-7FDC-4975-88A0-33F88872EED5} = {ADFE5787-F138-4304-A66F-C66235A3B465}
		{CDA0B820-9FB2-477F-B05F-C44236D2968D} = {B4184A13-51F7-466A-8D3C-2DBD66E04152}
		{C9B1F50A-31BA-4588-B6CC-1F902E470C6E} = {B4184A13-51F7-466A-8D3C-2DBD66E04152}
	EndGlobalSection
EndGlobal
